
Microsoft Visual Studio Solution File, Format Version 12.00
# Visual Studio Version 17
VisualStudioVersion = 17.9.34714.143
MinimumVisualStudioVersion = 10.0.40219.1
Project("{9A19103F-16F7-4668-BE54-9A1E7A4F7556}") = "HiringHub.Api", "HiringHub.API\HiringHub.Api.csproj", "{8CD64920-3945-45E9-A840-8C8CED249B36}"
EndProject
Project("{9A19103F-16F7-4668-BE54-9A1E7A4F7556}") = "HiringHub.BLL", "HiringHub.BLL\HiringHub.BLL.csproj", "{D06A3E8F-7B36-4AD5-8186-E70D9DD556DB}"
EndProject
Project("{9A19103F-16F7-4668-BE54-9A1E7A4F7556}") = "HiringHub.DLL", "HiringHub.DLL\HiringHub.DLL.csproj", "{331EC63A-77E3-4CA1-995C-8F4976103A0E}"
EndProject
Global
	GlobalSection(SolutionConfigurationPlatforms) = preSolution
		Debug|Any CPU = Debug|Any CPU
		Release|Any CPU = Release|Any CPU
	EndGlobalSection
	GlobalSection(ProjectConfigurationPlatforms) = postSolution
		{8CD64920-3945-45E9-A840-8C8CED249B36}.Debug|Any CPU.ActiveCfg = Debug|Any CPU
		{8CD64920-3945-45E9-A840-8C8CED249B36}.Debug|Any CPU.Build.0 = Debug|Any CPU
		{8CD64920-3945-45E9-A840-8C8CED249B36}.Release|Any CPU.ActiveCfg = Release|Any CPU
		{8CD64920-3945-45E9-A840-8C8CED249B36}.Release|Any CPU.Build.0 = Release|Any CPU
		{D06A3E8F-7B36-4AD5-8186-E70D9DD556DB}.Debug|Any CPU.ActiveCfg = Debug|Any CPU
		{D06A3E8F-7B36-4AD5-8186-E70D9DD556DB}.Debug|Any CPU.Build.0 = Debug|Any CPU
		{D06A3E8F-7B36-4AD5-8186-E70D9DD556DB}.Release|Any CPU.ActiveCfg = Release|Any CPU
		{D06A3E8F-7B36-4AD5-8186-E70D9DD556DB}.Release|Any CPU.Build.0 = Release|Any CPU
		{331EC63A-77E3-4CA1-995C-8F4976103A0E}.Debug|Any CPU.ActiveCfg = Debug|Any CPU
		{331EC63A-77E3-4CA1-995C-8F4976103A0E}.Debug|Any CPU.Build.0 = Debug|Any CPU
		{331EC63A-77E3-4CA1-995C-8F4976103A0E}.Release|Any CPU.ActiveCfg = Release|Any CPU
		{331EC63A-77E3-4CA1-995C-8F4976103A0E}.Release|Any CPU.Build.0 = Release|Any CPU
	EndGlobalSection
	GlobalSection(SolutionProperties) = preSolution
		HideSolutionNode = FALSE
	EndGlobalSection
	GlobalSection(ExtensibilityGlobals) = postSolution
		SolutionGuid = {709CE979-EB3A-4096-8C57-95639D522C34}
	EndGlobalSection
EndGlobal
